<?xml version="1.0" encoding="Windows-1252"?>
<Project ToolsVersion="12.0" xmlns="http://schemas.microsoft.com/developer/msbuild/2003">
  <ItemGroup>
    <ClCompile Include="lm.c">
      <Filter>Source Files</Filter>
    </ClCompile>
    <ClCompile Include="Axb.c">
      <Filter>Source Files</Filter>
    </ClCompile>
    <ClCompile Include="misc.c">
      <Filter>Source Files</Filter>
    </ClCompile>
    <ClCompile Include="lmlec.c">
      <Filter>Source Files</Filter>
    </ClCompile>
    <ClCompile Include="lmbc.c">
      <Filter>Source Files</Filter>
    </ClCompile>
    <ClCompile Include="lmblec.c">
      <Filter>Source Files</Filter>
    </ClCompile>
    <ClCompile Include="lmbleic.c">
      <Filter>Source Files</Filter>
    </ClCompile>
  </ItemGroup>
  <ItemGroup>
    <ClInclude Include="levmar.h">
      <Filter>Header Files</Filter>
    </ClInclude>
    <ClInclude Include="misc.h">
      <Filter>Header Files</Filter>
    </ClInclude>
    <ClInclude Include="compiler.h">
      <Filter>Header Files</Filter>
    </ClInclude>
  </ItemGroup>
  <ItemGroup>
    <CustomBuild Include="CMakeLists.txt" />
  </ItemGroup>
  <ItemGroup>
    <Filter Include="Source Files">
      <UniqueIdentifier>{BC106FC3-580E-4981-9DF9-ABD9DA49F4CA}</UniqueIdentifier>
    </Filter>
    <Filter Include="Header Files">
      <UniqueIdentifier>{84EFF1E7-D8DC-4778-9C9D-7645726B2366}</UniqueIdentifier>
    </Filter>
  </ItemGroup>
</Project>
